
Microsoft Visual Studio Solution File, Format Version 12.00
# Visual Studio Version 17
VisualStudioVersion = 17.9.34607.119
MinimumVisualStudioVersion = 10.0.40219.1
Project("{FAE04EC0-301F-11D3-BF4B-00C04F79EFBC}") = "Recetematik", "Recetematik\Recetematik.csproj", "{20C21CF4-9F54-4788-A287-DE7ECC4A434D}"
EndProject
Global
	GlobalSection(SolutionConfigurationPlatforms) = preSolution
		Debug|Any CPU = Debug|Any CPU
		Release|Any CPU = Release|Any CPU
	EndGlobalSection
	GlobalSection(ProjectConfigurationPlatforms) = postSolution
		{20C21CF4-9F54-4788-A287-DE7ECC4A434D}.Debug|Any CPU.ActiveCfg = Debug|Any CPU
		{20C21CF4-9F54-4788-A287-DE7ECC4A434D}.Debug|Any CPU.Build.0 = Debug|Any CPU
		{20C21CF4-9F54-4788-A287-DE7ECC4A434D}.Release|Any CPU.ActiveCfg = Release|Any CPU
		{20C21CF4-9F54-4788-A287-DE7ECC4A434D}.Release|Any CPU.Build.0 = Release|Any CPU
	EndGlobalSection
	GlobalSection(SolutionProperties) = preSolution
		HideSolutionNode = FALSE
	EndGlobalSection
	GlobalSection(ExtensibilityGlobals) = postSolution
		SolutionGuid = {CD33C5E1-6FA1-4F4C-A55C-8DE0B8767057}
	EndGlobalSection
EndGlobal
